
Microsoft Visual Studio Solution File, Format Version 12.00
# Visual Studio Version 17
VisualStudioVersion = 17.11.35222.181
MinimumVisualStudioVersion = 10.0.40219.1
Project("{FAE04EC0-301F-11D3-BF4B-00C04F79EFBC}") = "Git-Demo", "Git-Demo\Git-Demo.csproj", "{3130C6CF-00C3-4BF2-9686-347570737AF4}"
EndProject
Global
	GlobalSection(SolutionConfigurationPlatforms) = preSolution
		Debug|Any CPU = Debug|Any CPU
		Release|Any CPU = Release|Any CPU
	EndGlobalSection
	GlobalSection(ProjectConfigurationPlatforms) = postSolution
		{3130C6CF-00C3-4BF2-9686-347570737AF4}.Debug|Any CPU.ActiveCfg = Debug|Any CPU
		{3130C6CF-00C3-4BF2-9686-347570737AF4}.Debug|Any CPU.Build.0 = Debug|Any CPU
		{3130C6CF-00C3-4BF2-9686-347570737AF4}.Release|Any CPU.ActiveCfg = Release|Any CPU
		{3130C6CF-00C3-4BF2-9686-347570737AF4}.Release|Any CPU.Build.0 = Release|Any CPU
	EndGlobalSection
	GlobalSection(SolutionProperties) = preSolution
		HideSolutionNode = FALSE
	EndGlobalSection
	GlobalSection(ExtensibilityGlobals) = postSolution
		SolutionGuid = {0E86960F-EAA8-4EE2-94AF-5B6E05FC3977}
	EndGlobalSection
EndGlobal
